// !$*UTF8*$!
{
	archiveVersion = 1;
	classes = {
	};
	objectVersion = 46;
	objects = {

/* Begin PBXBuildFile section */
		184E52B11EAC987600A988E7 /* main.m in Sources */ = {isa = PBXBuildFile; fileRef = 184E52B01EAC987600A988E7 /* main.m */; };
		184E52B41EAC987600A988E7 /* AppDelegate.m in Sources */ = {isa = PBXBuildFile; fileRef = 184E52B31EAC987600A988E7 /* AppDelegate.m */; };
		184E52B71EAC987600A988E7 /* ViewController.m in Sources */ = {isa = PBXBuildFile; fileRef = 184E52B61EAC987600A988E7 /* ViewController.m */; };
		184E52BA1EAC987600A988E7 /* Main.storyboard in Resources */ = {isa = PBXBuildFile; fileRef = 184E52B81EAC987600A988E7 /* Main.storyboard */; };
		184E52BC1EAC987600A988E7 /* Assets.xcassets in Resources */ = {isa = PBXBuildFile; fileRef = 184E52BB1EAC987600A988E7 /* Assets.xcassets */; };
		184E52BF1EAC987600A988E7 /* LaunchScreen.storyboard in Resources */ = {isa = PBXBuildFile; fileRef = 184E52BD1EAC987600A988E7 /* LaunchScreen.storyboard */; };
		184E52C91EAC9B5800A988E7 /* JWWaterFallLayout.m in Sources */ = {isa = PBXBuildFile; fileRef = 184E52C81EAC9B5800A988E7 /* JWWaterFallLayout.m */; };
		184E52CC1EACA40E00A988E7 /* UIColor+JWRandomColor.m in Sources */ = {isa = PBXBuildFile; fileRef = 184E52CB1EACA40E00A988E7 /* UIColor+JWRandomColor.m */; };
/* End PBXBuildFile section */

/* Begin PBXFileReference section */
		184E52AC1EAC987600A988E7 /* JWWaterfallLayoutDemo.app */ = {isa = PBXFileReference; explicitFileType = wrapper.application; includeInIndex = 0; path = JWWaterfallLayoutDemo.app; sourceTree = BUILT_PRODUCTS_DIR; };
		184E52B01EAC987600A988E7 /* main.m */ = {isa = PBXFileReference; lastKnownFileType = sourcecode.c.objc; path = main.m; sourceTree = "<group>"; };
		184E52B21EAC987600A988E7 /* AppDelegate.h */ = {isa = PBXFileReference; lastKnownFileType = sourcecode.c.h; path = AppDelegate.h; sourceTree = "<group>"; };
		184E52B31EAC987600A988E7 /* AppDelegate.m */ = {isa = PBXFileReference; lastKnownFileType = sourcecode.c.objc; path = AppDelegate.m; sourceTree = "<group>"; };
		184E52B51EAC987600A988E7 /* ViewController.h */ = {isa = PBXFileReference; lastKnownFileType = sourcecode.c.h; path = ViewController.h; sourceTree = "<group>"; };
		184E52B61EAC987600A988E7 /* ViewController.m */ = {isa = PBXFileReference; lastKnownFileType = sourcecode.c.objc; path = ViewController.m; sourceTree = "<group>"; };
		184E52B91EAC987600A988E7 /* Base */ = {isa = PBXFileReference; lastKnownFileType = file.storyboard; name = Base; path = Base.lproj/Main.storyboard; sourceTree = "<group>"; };
		184E52BB1EAC987600A988E7 /* Assets.xcassets */ = {isa = PBXFileReference; lastKnownFileType = folder.assetcatalog; path = Assets.xcassets; sourceTree = "<group>"; };
		184E52BE1EAC987600A988E7 /* Base */ = {isa = PBXFileReference; lastKnownFileType = file.storyboard; name = Base; path = Base.lproj/LaunchScreen.storyboard; sourceTree = "<group>"; };
		184E52C01EAC987600A988E7 /* Info.plist */ = {isa = PBXFileReference; lastKnownFileType = text.plist.xml; path = Info.plist; sourceTree = "<group>"; };
		184E52C71EAC9B5800A988E7 /* JWWaterFallLayout.h */ = {isa = PBXFileReference; fileEncoding = 4; lastKnownFileType = sourcecode.c.h; path = JWWaterFallLayout.h; sourceTree = "<group>"; };
		184E52C81EAC9B5800A988E7 /* JWWaterFallLayout.m */ = {isa = PBXFileReference; fileEncoding = 4; lastKnownFileType = sourcecode.c.objc; path = JWWaterFallLayout.m; sourceTree = "<group>"; };
		184E52CA1EACA40E00A988E7 /* UIColor+JWRandomColor.h */ = {isa = PBXFileReference; fileEncoding = 4; lastKnownFileType = sourcecode.c.h; path = "UIColor+JWRandomColor.h"; sourceTree = "<group>"; };
		184E52CB1EACA40E00A988E7 /* UIColor+JWRandomColor.m */ = {isa = PBXFileReference; fileEncoding = 4; lastKnownFileType = sourcecode.c.objc; path = "UIColor+JWRandomColor.m"; sourceTree = "<group>"; };
/* End PBXFileReference section */

/* Begin PBXFrameworksBuildPhase section */
		184E52A91EAC987600A988E7 /* Frameworks */ = {
			isa = PBXFrameworksBuildPhase;
			buildActionMask = 2147483647;
			files = (
			);
			runOnlyForDeploymentPostprocessing = 0;
		};
/* End PBXFrameworksBuildPhase section */

/* Begin PBXGroup section */
		184E52A31EAC987600A988E7 = {
			isa = PBXGroup;
			children = (
				184E52AE1EAC987600A988E7 /* JWWaterfallLayoutDemo */,
				184E52AD1EAC987600A988E7 /* Products */,
			);
			sourceTree = "<group>";
		};
		184E52AD1EAC987600A988E7 /* Products */ = {
			isa = PBXGroup;
			children = (
				184E52AC1EAC987600A988E7 /* JWWaterfallLayoutDemo.app */,
			);
			name = Products;
			sourceTree = "<group>";
		};
		184E52AE1EAC987600A988E7 /* JWWaterfallLayoutDemo */ = {
			isa = PBXGroup;
			children = (
				184E52C61EAC98AB00A988E7 /* JWWaterFallLayout */,
				184E52B21EAC987600A988E7 /* AppDelegate.h */,
				184E52B31EAC987600A988E7 /* AppDelegate.m */,
				184E52B51EAC987600A988E7 /* ViewController.h */,
				184E52B61EAC987600A988E7 /* ViewController.m */,
				184E52B81EAC987600A988E7 /* Main.storyboard */,
				184E52CA1EACA40E00A988E7 /* UIColor+JWRandomColor.h */,
				184E52CB1EACA40E00A988E7 /* UIColor+JWRandomColor.m */,
				184E52BB1EAC987600A988E7 /* Assets.xcassets */,
				184E52BD1EAC987600A988E7 /* LaunchScreen.storyboard */,
				184E52C01EAC987600A988E7 /* Info.plist */,
				184E52AF1EAC987600A988E7 /* Supporting Files */,
			);
			path = JWWaterfallLayoutDemo;
			sourceTree = "<group>";
		};
		184E52AF1EAC987600A988E7 /* Supporting Files */ = {
			isa = PBXGroup;
			children = (
				184E52B01EAC987600A988E7 /* main.m */,
			);
			name = "Supporting Files";
			sourceTree = "<group>";
		};
		184E52C61EAC98AB00A988E7 /* JWWaterFallLayout */ = {
			isa = PBXGroup;
			children = (
				184E52C71EAC9B5800A988E7 /* JWWaterFallLayout.h */,
				184E52C81EAC9B5800A988E7 /* JWWaterFallLayout.m */,
			);
			path = JWWaterFallLayout;
			sourceTree = "<group>";
		};
/* End PBXGroup section */

/* Begin PBXNativeTarget section */
		184E52AB1EAC987600A988E7 /* JWWaterfallLayoutDemo */ = {
			isa = PBXNativeTarget;
			buildConfigurationList = 184E52C31EAC987600A988E7 /* Build configuration list for PBXNativeTarget "JWWaterfallLayoutDemo" */;
			buildPhases = (
				184E52A81EAC987600A988E7 /* Sources */,
				184E52A91EAC987600A988E7 /* Frameworks */,
				184E52AA1EAC987600A988E7 /* Resources */,
			);
			buildRules = (
			);
			dependencies = (
			);
			name = JWWaterfallLayoutDemo;
			productName = JWWaterfallLayoutDemo;
			productReference = 184E52AC1EAC987600A988E7 /* JWWaterfallLayoutDemo.app */;
			productType = "com.apple.product-type.application";
		};
/* End PBXNativeTarget section */

/* Begin PBXProject section */
		184E52A41EAC987600A988E7 /* Project object */ = {
			isa = PBXProject;
			attributes = {
				LastUpgradeCheck = 0820;
				ORGANIZATIONNAME = wales;
				TargetAttributes = {
					184E52AB1EAC987600A988E7 = {
						CreatedOnToolsVersion = 8.2.1;
						ProvisioningStyle = Automatic;
					};
				};
			};
			buildConfigurationList = 184E52A71EAC987600A988E7 /* Build configuration list for PBXProject "JWWaterfallLayoutDemo" */;
			compatibilityVersion = "Xcode 3.2";
			developmentRegion = English;
			hasScannedForEncodings = 0;
			knownRegions = (
				en,
				Base,
			);
			mainGroup = 184E52A31EAC987600A988E7;
			productRefGroup = 184E52AD1EAC987600A988E7 /* Products */;
			projectDirPath = "";
			projectRoot = "";
			targets = (
				184E52AB1EAC987600A988E7 /* JWWaterfallLayoutDemo */,
			);
		};
/* End PBXProject section */

/* Begin PBXResourcesBuildPhase section */
		184E52AA1EAC987600A988E7 /* Resources */ = {
			isa = PBXResourcesBuildPhase;
			buildActionMask = 2147483647;
			files = (
				184E52BF1EAC987600A988E7 /* LaunchScreen.storyboard in Resources */,
				184E52BC1EAC987600A988E7 /* Assets.xcassets in Resources */,
				184E52BA1EAC987600A988E7 /* Main.storyboard in Resources */,
			);
			runOnlyForDeploymentPostprocessing = 0;
		};
/* End PBXResourcesBuildPhase section */

/* Begin PBXSourcesBuildPhase section */
		184E52A81EAC987600A988E7 /* Sources */ = {
			isa = PBXSourcesBuildPhase;
			buildActionMask = 2147483647;
			files = (
				184E52B71EAC987600A988E7 /* ViewController.m in Sources */,
				184E52B41EAC987600A988E7 /* AppDelegate.m in Sources */,
				184E52B11EAC987600A988E7 /* main.m in Sources */,
				184E52CC1EACA40E00A988E7 /* UIColor+JWRandomColor.m in Sources */,
				184E52C91EAC9B5800A988E7 /* JWWaterFallLayout.m in Sources */,
			);
			runOnlyForDeploymentPostprocessing = 0;
		};
/* End PBXSourcesBuildPhase section */

/* Begin PBXVariantGroup section */
		184E52B81EAC987600A988E7 /* Main.storyboard */ = {
			isa = PBXVariantGroup;
			children = (
				184E52B91EAC987600A988E7 /* Base */,
			);
			name = Main.storyboard;
			sourceTree = "<group>";
		};
		184E52BD1EAC987600A988E7 /* LaunchScreen.storyboard */ = {
			isa = PBXVariantGroup;
			children = (
				184E52BE1EAC987600A988E7 /* Base */,
			);
			name = LaunchScreen.storyboard;
			sourceTree = "<group>";
		};
/* End PBXVariantGroup section */

/* Begin XCBuildConfiguration section */
		184E52C11EAC987600A988E7 /* Debug */ = {
			isa = XCBuildConfiguration;
			buildSettings = {
				ALWAYS_SEARCH_USER_PATHS = NO;
				CLANG_ANALYZER_NONNULL = YES;
				CLANG_CXX_LANGUAGE_STANDARD = "gnu++0x";
				CLANG_CXX_LIBRARY = "libc++";
				CLANG_ENABLE_MODULES = YES;
				CLANG_ENABLE_OBJC_ARC = YES;
				CLANG_WARN_BOOL_CONVERSION = YES;
				CLANG_WARN_CONSTANT_CONVERSION = YES;
				CLANG_WARN_DIRECT_OBJC_ISA_USAGE = YES_ERROR;
				CLANG_WARN_DOCUMENTATION_COMMENTS = YES;
				CLANG_WARN_EMPTY_BODY = YES;
				CLANG_WARN_ENUM_CONVERSION = YES;
				CLANG_WARN_INFINITE_RECURSION = YES;
				CLANG_WARN_INT_CONVERSION = YES;
				CLANG_WARN_OBJC_ROOT_CLASS = YES_ERROR;
				CLANG_WARN_SUSPICIOUS_MOVE = YES;
				CLANG_WARN_UNREACHABLE_CODE = YES;
				CLANG_WARN__DUPLICATE_METHOD_MATCH = YES;
				"CODE_SIGN_IDENTITY[sdk=iphoneos*]" = "iPhone Developer";
				COPY_PHASE_STRIP = NO;
				DEBUG_INFORMATION_FORMAT = dwarf;
				ENABLE_STRICT_OBJC_MSGSEND = YES;
				ENABLE_TESTABILITY = YES;
				GCC_C_LANGUAGE_STANDARD = gnu99;
				GCC_DYNAMIC_NO_PIC = NO;
				GCC_NO_COMMON_BLOCKS = YES;
				GCC_OPTIMIZATION_LEVEL = 0;
				GCC_PREPROCESSOR_DEFINITIONS = (
					"DEBUG=1",
					"$(inherited)",
				);
				GCC_WARN_64_TO_32_BIT_CONVERSION = YES;
				GCC_WARN_ABOUT_RETURN_TYPE = YES_ERROR;
				GCC_WARN_UNDECLARED_SELECTOR = YES;
				GCC_WARN_UNINITIALIZED_AUTOS = YES_AGGRESSIVE;
				GCC_WARN_UNUSED_FUNCTION = YES;
				GCC_WARN_UNUSED_VARIABLE = YES;
				IPHONEOS_DEPLOYMENT_TARGET = 10.2;
				MTL_ENABLE_DEBUG_INFO = YES;
				ONLY_ACTIVE_ARCH = YES;
				SDKROOT = iphoneos;
			};
			name = Debug;
		};
		184E52C21EAC987600A988E7 /* Release */ = {
			isa = XCBuildConfiguration;
			buildSettings = {
				ALWAYS_SEARCH_USER_PATHS = NO;
				CLANG_ANALYZER_NONNULL = YES;
				CLANG_CXX_LANGUAGE_STANDARD = "gnu++0x";
				CLANG_CXX_LIBRARY = "libc++";
				CLANG_ENABLE_MODULES = YES;
				CLANG_ENABLE_OBJC_ARC = YES;
				CLANG_WARN_BOOL_CONVERSION = YES;
				CLANG_WARN_CONSTANT_CONVERSION = YES;
				CLANG_WARN_DIRECT_OBJC_ISA_USAGE = YES_ERROR;
				CLANG_WARN_DOCUMENTATION_COMMENTS = YES;
				CLANG_WARN_EMPTY_BODY = YES;
				CLANG_WARN_ENUM_CONVERSION = YES;
				CLANG_WARN_INFINITE_RECURSION = YES;
				CLANG_WARN_INT_CONVERSION = YES;
				CLANG_WARN_OBJC_ROOT_CLASS = YES_ERROR;
				CLANG_WARN_SUSPICIOUS_MOVE = YES;
				CLANG_WARN_UNREACHABLE_CODE = YES;
				CLANG_WARN__DUPLICATE_METHOD_MATCH = YES;
				"CODE_SIGN_IDENTITY[sdk=iphoneos*]" = "iPhone Developer";
				COPY_PHASE_STRIP = NO;
				DEBUG_INFORMATION_FORMAT = "dwarf-with-dsym";
				ENABLE_NS_ASSERTIONS = NO;
				ENABLE_STRICT_OBJC_MSGSEND = YES;
				GCC_C_LANGUAGE_STANDARD = gnu99;
				GCC_NO_COMMON_BLOCKS = YES;
				GCC_WARN_64_TO_32_BIT_CONVERSION = YES;
				GCC_WARN_ABOUT_RETURN_TYPE = YES_ERROR;
				GCC_WARN_UNDECLARED_SELECTOR = YES;
				GCC_WARN_UNINITIALIZED_AUTOS = YES_AGGRESSIVE;
				GCC_WARN_UNUSED_FUNCTION = YES;
				GCC_WARN_UNUSED_VARIABLE = YES;
				IPHONEOS_DEPLOYMENT_TARGET = 10.2;
				MTL_ENABLE_DEBUG_INFO = NO;
				SDKROOT = iphoneos;
				VALIDATE_PRODUCT = YES;
			};
			name = Release;
		};
		184E52C41EAC987600A988E7 /* Debug */ = {
			isa = XCBuildConfiguration;
			buildSettings = {
				ASSETCATALOG_COMPILER_APPICON_NAME = AppIcon;
				INFOPLIST_FILE = JWWaterfallLayoutDemo/Info.plist;
				LD_RUNPATH_SEARCH_PATHS = "$(inherited) @executable_path/Frameworks";
				PRODUCT_BUNDLE_IDENTIFIER = com.wales.JWWaterfallLayoutDemo;
				PRODUCT_NAME = "$(TARGET_NAME)";
			};
			name = Debug;
		};
		184E52C51EAC987600A988E7 /* Release */ = {
			isa = XCBuildConfiguration;
			buildSettings = {
				ASSETCATALOG_COMPILER_APPICON_NAME = AppIcon;
				INFOPLIST_FILE = JWWaterfallLayoutDemo/Info.plist;
				LD_RUNPATH_SEARCH_PATHS = "$(inherited) @executable_path/Frameworks";
				PRODUCT_BUNDLE_IDENTIFIER = com.wales.JWWaterfallLayoutDemo;
				PRODUCT_NAME = "$(TARGET_NAME)";
			};
			name = Release;
		};
/* End XCBuildConfiguration section */

/* Begin XCConfigurationList section */
		184E52A71EAC987600A988E7 /* Build configuration list for PBXProject "JWWaterfallLayoutDemo" */ = {
			isa = XCConfigurationList;
			buildConfigurations = (
				184E52C11EAC987600A988E7 /* Debug */,
				184E52C21EAC987600A988E7 /* Release */,
			);
			defaultConfigurationIsVisible = 0;
			defaultConfigurationName = Release;
		};
		184E52C31EAC987600A988E7 /* Build configuration list for PBXNativeTarget "JWWaterfallLayoutDemo" */ = {
			isa = XCConfigurationList;
			buildConfigurations = (
				184E52C41EAC987600A988E7 /* Debug */,
				184E52C51EAC987600A988E7 /* Release */,
			);
			defaultConfigurationIsVisible = 0;
		};
/* End XCConfigurationList section */
	};
	rootObject = 184E52A41EAC987600A988E7 /* Project object */;
}
